// !$*UTF8*$!
{
	archiveVersion = 1;
	classes = {
	};
	objectVersion = 46;
	objects = {

/* Begin PBXBuildFile section */
		7C2E07401B441D2A006DDA9B /* main.m in Sources */ = {isa = PBXBuildFile; fileRef = 7C2E073F1B441D2A006DDA9B /* main.m */; };
		7C2E07431B441D2A006DDA9B /* AppDelegate.m in Sources */ = {isa = PBXBuildFile; fileRef = 7C2E07421B441D2A006DDA9B /* AppDelegate.m */; };
		7C2E07461B441D2A006DDA9B /* GameScene.m in Sources */ = {isa = PBXBuildFile; fileRef = 7C2E07451B441D2A006DDA9B /* GameScene.m */; };
		7C2E074B1B441D2A006DDA9B /* GameViewController.m in Sources */ = {isa = PBXBuildFile; fileRef = 7C2E074A1B441D2A006DDA9B /* GameViewController.m */; };
		7C2E074E1B441D2A006DDA9B /* Main.storyboard in Resources */ = {isa = PBXBuildFile; fileRef = 7C2E074C1B441D2A006DDA9B /* Main.storyboard */; };
		7C2E07501B441D2A006DDA9B /* Images.xcassets in Resources */ = {isa = PBXBuildFile; fileRef = 7C2E074F1B441D2A006DDA9B /* Images.xcassets */; };
		7C2E07531B441D2A006DDA9B /* LaunchScreen.xib in Resources */ = {isa = PBXBuildFile; fileRef = 7C2E07511B441D2A006DDA9B /* LaunchScreen.xib */; };
		7C2E075F1B441D2B006DDA9B /* BentoGameTests.m in Sources */ = {isa = PBXBuildFile; fileRef = 7C2E075E1B441D2B006DDA9B /* BentoGameTests.m */; };
		7C2E07711B44274C006DDA9B /* box.png in Resources */ = {isa = PBXBuildFile; fileRef = 7C2E07691B44274C006DDA9B /* box.png */; };
		7C2E07721B44274C006DDA9B /* box@2x.png in Resources */ = {isa = PBXBuildFile; fileRef = 7C2E076A1B44274C006DDA9B /* box@2x.png */; };
		7C2E07731B44274C006DDA9B /* circle.png in Resources */ = {isa = PBXBuildFile; fileRef = 7C2E076B1B44274C006DDA9B /* circle.png */; };
		7C2E07741B44274C006DDA9B /* circle@2x.png in Resources */ = {isa = PBXBuildFile; fileRef = 7C2E076C1B44274C006DDA9B /* circle@2x.png */; };
		7C2E07751B44274C006DDA9B /* rectangle.png in Resources */ = {isa = PBXBuildFile; fileRef = 7C2E076D1B44274C006DDA9B /* rectangle.png */; };
		7C2E07761B44274C006DDA9B /* rectangle@2x.png in Resources */ = {isa = PBXBuildFile; fileRef = 7C2E076E1B44274C006DDA9B /* rectangle@2x.png */; };
		7C2E077F1B443361006DDA9B /* GameOverScene.m in Sources */ = {isa = PBXBuildFile; fileRef = 7C2E077E1B443361006DDA9B /* GameOverScene.m */; };
		7C2E07831B4450D0006DDA9B /* sticks.png in Resources */ = {isa = PBXBuildFile; fileRef = 7C2E07811B4450D0006DDA9B /* sticks.png */; };
		7C2E07841B4450D0006DDA9B /* sticks@2x.png in Resources */ = {isa = PBXBuildFile; fileRef = 7C2E07821B4450D0006DDA9B /* sticks@2x.png */; };
		7C2E07871B4463C4006DDA9B /* BentoBox.m in Sources */ = {isa = PBXBuildFile; fileRef = 7C2E07861B4463C4006DDA9B /* BentoBox.m */; };
		7C2E078B1B44646A006DDA9B /* Boxes.m in Sources */ = {isa = PBXBuildFile; fileRef = 7C2E078A1B44646A006DDA9B /* Boxes.m */; };
		7C2E078E1B448235006DDA9B /* triangle.png in Resources */ = {isa = PBXBuildFile; fileRef = 7C2E078C1B448235006DDA9B /* triangle.png */; };
		7C2E078F1B448235006DDA9B /* triangle@2x.png in Resources */ = {isa = PBXBuildFile; fileRef = 7C2E078D1B448235006DDA9B /* triangle@2x.png */; };
		95F156441B46784900CBFD7B /* GameStartScene.m in Sources */ = {isa = PBXBuildFile; fileRef = 95F156431B46784900CBFD7B /* GameStartScene.m */; };
/* End PBXBuildFile section */

/* Begin PBXContainerItemProxy section */
		7C2E07591B441D2B006DDA9B /* PBXContainerItemProxy */ = {
			isa = PBXContainerItemProxy;
			containerPortal = 7C2E07321B441D2A006DDA9B /* Project object */;
			proxyType = 1;
			remoteGlobalIDString = 7C2E07391B441D2A006DDA9B;
			remoteInfo = BentoGame;
		};
/* End PBXContainerItemProxy section */

/* Begin PBXFileReference section */
		7C2E073A1B441D2A006DDA9B /* BentoGame.app */ = {isa = PBXFileReference; explicitFileType = wrapper.application; includeInIndex = 0; path = BentoGame.app; sourceTree = BUILT_PRODUCTS_DIR; };
		7C2E073E1B441D2A006DDA9B /* Info.plist */ = {isa = PBXFileReference; lastKnownFileType = text.plist.xml; path = Info.plist; sourceTree = "<group>"; };
		7C2E073F1B441D2A006DDA9B /* main.m */ = {isa = PBXFileReference; lastKnownFileType = sourcecode.c.objc; path = main.m; sourceTree = "<group>"; };
		7C2E07411B441D2A006DDA9B /* AppDelegate.h */ = {isa = PBXFileReference; lastKnownFileType = sourcecode.c.h; path = AppDelegate.h; sourceTree = "<group>"; };
		7C2E07421B441D2A006DDA9B /* AppDelegate.m */ = {isa = PBXFileReference; lastKnownFileType = sourcecode.c.objc; path = AppDelegate.m; sourceTree = "<group>"; };
		7C2E07441B441D2A006DDA9B /* GameScene.h */ = {isa = PBXFileReference; lastKnownFileType = sourcecode.c.h; path = GameScene.h; sourceTree = "<group>"; };
		7C2E07451B441D2A006DDA9B /* GameScene.m */ = {isa = PBXFileReference; lastKnownFileType = sourcecode.c.objc; path = GameScene.m; sourceTree = "<group>"; };
		7C2E07491B441D2A006DDA9B /* GameViewController.h */ = {isa = PBXFileReference; lastKnownFileType = sourcecode.c.h; path = GameViewController.h; sourceTree = "<group>"; };
		7C2E074A1B441D2A006DDA9B /* GameViewController.m */ = {isa = PBXFileReference; lastKnownFileType = sourcecode.c.objc; path = GameViewController.m; sourceTree = "<group>"; };
		7C2E074D1B441D2A006DDA9B /* Base */ = {isa = PBXFileReference; lastKnownFileType = file.storyboard; name = Base; path = Base.lproj/Main.storyboard; sourceTree = "<group>"; };
		7C2E074F1B441D2A006DDA9B /* Images.xcassets */ = {isa = PBXFileReference; lastKnownFileType = folder.assetcatalog; path = Images.xcassets; sourceTree = "<group>"; };
		7C2E07521B441D2A006DDA9B /* Base */ = {isa = PBXFileReference; lastKnownFileType = file.xib; name = Base; path = Base.lproj/LaunchScreen.xib; sourceTree = "<group>"; };
		7C2E07581B441D2B006DDA9B /* BentoGameTests.xctest */ = {isa = PBXFileReference; explicitFileType = wrapper.cfbundle; includeInIndex = 0; path = BentoGameTests.xctest; sourceTree = BUILT_PRODUCTS_DIR; };
		7C2E075D1B441D2B006DDA9B /* Info.plist */ = {isa = PBXFileReference; lastKnownFileType = text.plist.xml; path = Info.plist; sourceTree = "<group>"; };
		7C2E075E1B441D2B006DDA9B /* BentoGameTests.m */ = {isa = PBXFileReference; lastKnownFileType = sourcecode.c.objc; path = BentoGameTests.m; sourceTree = "<group>"; };
		7C2E07691B44274C006DDA9B /* box.png */ = {isa = PBXFileReference; lastKnownFileType = image.png; path = box.png; sourceTree = "<group>"; };
		7C2E076A1B44274C006DDA9B /* box@2x.png */ = {isa = PBXFileReference; lastKnownFileType = image.png; path = "box@2x.png"; sourceTree = "<group>"; };
		7C2E076B1B44274C006DDA9B /* circle.png */ = {isa = PBXFileReference; lastKnownFileType = image.png; path = circle.png; sourceTree = "<group>"; };
		7C2E076C1B44274C006DDA9B /* circle@2x.png */ = {isa = PBXFileReference; lastKnownFileType = image.png; path = "circle@2x.png"; sourceTree = "<group>"; };
		7C2E076D1B44274C006DDA9B /* rectangle.png */ = {isa = PBXFileReference; lastKnownFileType = image.png; path = rectangle.png; sourceTree = "<group>"; };
		7C2E076E1B44274C006DDA9B /* rectangle@2x.png */ = {isa = PBXFileReference; lastKnownFileType = image.png; path = "rectangle@2x.png"; sourceTree = "<group>"; };
		7C2E077D1B443361006DDA9B /* GameOverScene.h */ = {isa = PBXFileReference; fileEncoding = 4; lastKnownFileType = sourcecode.c.h; path = GameOverScene.h; sourceTree = "<group>"; };
		7C2E077E1B443361006DDA9B /* GameOverScene.m */ = {isa = PBXFileReference; fileEncoding = 4; lastKnownFileType = sourcecode.c.objc; path = GameOverScene.m; sourceTree = "<group>"; };
		7C2E07801B443AB0006DDA9B /* MyPlayground.playground */ = {isa = PBXFileReference; lastKnownFileType = file.playground; path = MyPlayground.playground; sourceTree = "<group>"; };
		7C2E07811B4450D0006DDA9B /* sticks.png */ = {isa = PBXFileReference; lastKnownFileType = image.png; path = sticks.png; sourceTree = "<group>"; };
		7C2E07821B4450D0006DDA9B /* sticks@2x.png */ = {isa = PBXFileReference; lastKnownFileType = image.png; path = "sticks@2x.png"; sourceTree = "<group>"; };
		7C2E07851B4463C4006DDA9B /* BentoBox.h */ = {isa = PBXFileReference; fileEncoding = 4; lastKnownFileType = sourcecode.c.h; path = BentoBox.h; sourceTree = "<group>"; };
		7C2E07861B4463C4006DDA9B /* BentoBox.m */ = {isa = PBXFileReference; fileEncoding = 4; lastKnownFileType = sourcecode.c.objc; path = BentoBox.m; sourceTree = "<group>"; };
		7C2E07891B44646A006DDA9B /* Boxes.h */ = {isa = PBXFileReference; fileEncoding = 4; lastKnownFileType = sourcecode.c.h; path = Boxes.h; sourceTree = "<group>"; };
		7C2E078A1B44646A006DDA9B /* Boxes.m */ = {isa = PBXFileReference; fileEncoding = 4; lastKnownFileType = sourcecode.c.objc; path = Boxes.m; sourceTree = "<group>"; };
		7C2E078C1B448235006DDA9B /* triangle.png */ = {isa = PBXFileReference; lastKnownFileType = image.png; path = triangle.png; sourceTree = "<group>"; };
		7C2E078D1B448235006DDA9B /* triangle@2x.png */ = {isa = PBXFileReference; lastKnownFileType = image.png; path = "triangle@2x.png"; sourceTree = "<group>"; };
		95F156421B46784900CBFD7B /* GameStartScene.h */ = {isa = PBXFileReference; fileEncoding = 4; lastKnownFileType = sourcecode.c.h; path = GameStartScene.h; sourceTree = "<group>"; };
		95F156431B46784900CBFD7B /* GameStartScene.m */ = {isa = PBXFileReference; fileEncoding = 4; lastKnownFileType = sourcecode.c.objc; path = GameStartScene.m; sourceTree = "<group>"; };
/* End PBXFileReference section */

/* Begin PBXFrameworksBuildPhase section */
		7C2E07371B441D2A006DDA9B /* Frameworks */ = {
			isa = PBXFrameworksBuildPhase;
			buildActionMask = 2147483647;
			files = (
			);
			runOnlyForDeploymentPostprocessing = 0;
		};
		7C2E07551B441D2B006DDA9B /* Frameworks */ = {
			isa = PBXFrameworksBuildPhase;
			buildActionMask = 2147483647;
			files = (
			);
			runOnlyForDeploymentPostprocessing = 0;
		};
/* End PBXFrameworksBuildPhase section */

/* Begin PBXGroup section */
		7C2E07311B441D2A006DDA9B = {
			isa = PBXGroup;
			children = (
				7C2E07801B443AB0006DDA9B /* MyPlayground.playground */,
				7C2E073C1B441D2A006DDA9B /* BentoGame */,
				7C2E075B1B441D2B006DDA9B /* BentoGameTests */,
				7C2E073B1B441D2A006DDA9B /* Products */,
			);
			sourceTree = "<group>";
		};
		7C2E073B1B441D2A006DDA9B /* Products */ = {
			isa = PBXGroup;
			children = (
				7C2E073A1B441D2A006DDA9B /* BentoGame.app */,
				7C2E07581B441D2B006DDA9B /* BentoGameTests.xctest */,
			);
			name = Products;
			sourceTree = "<group>";
		};
		7C2E073C1B441D2A006DDA9B /* BentoGame */ = {
			isa = PBXGroup;
			children = (
				7C2E07411B441D2A006DDA9B /* AppDelegate.h */,
				7C2E07421B441D2A006DDA9B /* AppDelegate.m */,
				7C2E07491B441D2A006DDA9B /* GameViewController.h */,
				7C2E074A1B441D2A006DDA9B /* GameViewController.m */,
				95F156421B46784900CBFD7B /* GameStartScene.h */,
				95F156431B46784900CBFD7B /* GameStartScene.m */,
				7C2E07441B441D2A006DDA9B /* GameScene.h */,
				7C2E07451B441D2A006DDA9B /* GameScene.m */,
				7C2E077D1B443361006DDA9B /* GameOverScene.h */,
				7C2E077E1B443361006DDA9B /* GameOverScene.m */,
				7C2E074C1B441D2A006DDA9B /* Main.storyboard */,
				7C2E07881B4463DC006DDA9B /* Model */,
				7C2E07681B44273D006DDA9B /* Images */,
				7C2E074F1B441D2A006DDA9B /* Images.xcassets */,
				7C2E07511B441D2A006DDA9B /* LaunchScreen.xib */,
				7C2E073D1B441D2A006DDA9B /* Supporting Files */,
			);
			path = BentoGame;
			sourceTree = "<group>";
		};
		7C2E073D1B441D2A006DDA9B /* Supporting Files */ = {
			isa = PBXGroup;
			children = (
				7C2E073E1B441D2A006DDA9B /* Info.plist */,
				7C2E073F1B441D2A006DDA9B /* main.m */,
			);
			path = "Supporting Files";
			sourceTree = "<group>";
		};
		7C2E075B1B441D2B006DDA9B /* BentoGameTests */ = {
			isa = PBXGroup;
			children = (
				7C2E075E1B441D2B006DDA9B /* BentoGameTests.m */,
				7C2E075C1B441D2B006DDA9B /* Supporting Files */,
			);
			path = BentoGameTests;
			sourceTree = "<group>";
		};
		7C2E075C1B441D2B006DDA9B /* Supporting Files */ = {
			isa = PBXGroup;
			children = (
				7C2E075D1B441D2B006DDA9B /* Info.plist */,
			);
			path = "Supporting Files";
			sourceTree = "<group>";
		};
		7C2E07681B44273D006DDA9B /* Images */ = {
			isa = PBXGroup;
			children = (
				7C2E078C1B448235006DDA9B /* triangle.png */,
				7C2E078D1B448235006DDA9B /* triangle@2x.png */,
				7C2E07691B44274C006DDA9B /* box.png */,
				7C2E076A1B44274C006DDA9B /* box@2x.png */,
				7C2E076B1B44274C006DDA9B /* circle.png */,
				7C2E076C1B44274C006DDA9B /* circle@2x.png */,
				7C2E076D1B44274C006DDA9B /* rectangle.png */,
				7C2E076E1B44274C006DDA9B /* rectangle@2x.png */,
				7C2E07811B4450D0006DDA9B /* sticks.png */,
				7C2E07821B4450D0006DDA9B /* sticks@2x.png */,
			);
			path = Images;
			sourceTree = "<group>";
		};
		7C2E07881B4463DC006DDA9B /* Model */ = {
			isa = PBXGroup;
			children = (
				7C2E07891B44646A006DDA9B /* Boxes.h */,
				7C2E078A1B44646A006DDA9B /* Boxes.m */,
				7C2E07851B4463C4006DDA9B /* BentoBox.h */,
				7C2E07861B4463C4006DDA9B /* BentoBox.m */,
			);
			path = Model;
			sourceTree = "<group>";
		};
/* End PBXGroup section */

/* Begin PBXNativeTarget section */
		7C2E07391B441D2A006DDA9B /* BentoGame */ = {
			isa = PBXNativeTarget;
			buildConfigurationList = 7C2E07621B441D2B006DDA9B /* Build configuration list for PBXNativeTarget "BentoGame" */;
			buildPhases = (
				7C2E07361B441D2A006DDA9B /* Sources */,
				7C2E07371B441D2A006DDA9B /* Frameworks */,
				7C2E07381B441D2A006DDA9B /* Resources */,
			);
			buildRules = (
			);
			dependencies = (
			);
			name = BentoGame;
			productName = BentoGame;
			productReference = 7C2E073A1B441D2A006DDA9B /* BentoGame.app */;
			productType = "com.apple.product-type.application";
		};
		7C2E07571B441D2B006DDA9B /* BentoGameTests */ = {
			isa = PBXNativeTarget;
			buildConfigurationList = 7C2E07651B441D2B006DDA9B /* Build configuration list for PBXNativeTarget "BentoGameTests" */;
			buildPhases = (
				7C2E07541B441D2B006DDA9B /* Sources */,
				7C2E07551B441D2B006DDA9B /* Frameworks */,
				7C2E07561B441D2B006DDA9B /* Resources */,
			);
			buildRules = (
			);
			dependencies = (
				7C2E075A1B441D2B006DDA9B /* PBXTargetDependency */,
			);
			name = BentoGameTests;
			productName = BentoGameTests;
			productReference = 7C2E07581B441D2B006DDA9B /* BentoGameTests.xctest */;
			productType = "com.apple.product-type.bundle.unit-test";
		};
/* End PBXNativeTarget section */

/* Begin PBXProject section */
		7C2E07321B441D2A006DDA9B /* Project object */ = {
			isa = PBXProject;
			attributes = {
				LastUpgradeCheck = 0630;
				ORGANIZATIONNAME = "Anna Muenster";
				TargetAttributes = {
					7C2E07391B441D2A006DDA9B = {
						CreatedOnToolsVersion = 6.3.2;
					};
					7C2E07571B441D2B006DDA9B = {
						CreatedOnToolsVersion = 6.3.2;
						TestTargetID = 7C2E07391B441D2A006DDA9B;
					};
				};
			};
			buildConfigurationList = 7C2E07351B441D2A006DDA9B /* Build configuration list for PBXProject "BentoGame" */;
			compatibilityVersion = "Xcode 3.2";
			developmentRegion = English;
			hasScannedForEncodings = 0;
			knownRegions = (
				en,
				Base,
			);
			mainGroup = 7C2E07311B441D2A006DDA9B;
			productRefGroup = 7C2E073B1B441D2A006DDA9B /* Products */;
			projectDirPath = "";
			projectRoot = "";
			targets = (
				7C2E07391B441D2A006DDA9B /* BentoGame */,
				7C2E07571B441D2B006DDA9B /* BentoGameTests */,
			);
		};
/* End PBXProject section */

/* Begin PBXResourcesBuildPhase section */
		7C2E07381B441D2A006DDA9B /* Resources */ = {
			isa = PBXResourcesBuildPhase;
			buildActionMask = 2147483647;
			files = (
				7C2E07531B441D2A006DDA9B /* LaunchScreen.xib in Resources */,
				7C2E078E1B448235006DDA9B /* triangle.png in Resources */,
				7C2E07501B441D2A006DDA9B /* Images.xcassets in Resources */,
				7C2E078F1B448235006DDA9B /* triangle@2x.png in Resources */,
				7C2E07711B44274C006DDA9B /* box.png in Resources */,
				7C2E07741B44274C006DDA9B /* circle@2x.png in Resources */,
				7C2E07731B44274C006DDA9B /* circle.png in Resources */,
				7C2E07841B4450D0006DDA9B /* sticks@2x.png in Resources */,
				7C2E07761B44274C006DDA9B /* rectangle@2x.png in Resources */,
				7C2E07751B44274C006DDA9B /* rectangle.png in Resources */,
				7C2E07721B44274C006DDA9B /* box@2x.png in Resources */,
				7C2E07831B4450D0006DDA9B /* sticks.png in Resources */,
				7C2E074E1B441D2A006DDA9B /* Main.storyboard in Resources */,
			);
			runOnlyForDeploymentPostprocessing = 0;
		};
		7C2E07561B441D2B006DDA9B /* Resources */ = {
			isa = PBXResourcesBuildPhase;
			buildActionMask = 2147483647;
			files = (
			);
			runOnlyForDeploymentPostprocessing = 0;
		};
/* End PBXResourcesBuildPhase section */

/* Begin PBXSourcesBuildPhase section */
		7C2E07361B441D2A006DDA9B /* Sources */ = {
			isa = PBXSourcesBuildPhase;
			buildActionMask = 2147483647;
			files = (
				7C2E078B1B44646A006DDA9B /* Boxes.m in Sources */,
				95F156441B46784900CBFD7B /* GameStartScene.m in Sources */,
				7C2E077F1B443361006DDA9B /* GameOverScene.m in Sources */,
				7C2E074B1B441D2A006DDA9B /* GameViewController.m in Sources */,
				7C2E07431B441D2A006DDA9B /* AppDelegate.m in Sources */,
				7C2E07461B441D2A006DDA9B /* GameScene.m in Sources */,
				7C2E07871B4463C4006DDA9B /* BentoBox.m in Sources */,
				7C2E07401B441D2A006DDA9B /* main.m in Sources */,
			);
			runOnlyForDeploymentPostprocessing = 0;
		};
		7C2E07541B441D2B006DDA9B /* Sources */ = {
			isa = PBXSourcesBuildPhase;
			buildActionMask = 2147483647;
			files = (
				7C2E075F1B441D2B006DDA9B /* BentoGameTests.m in Sources */,
			);
			runOnlyForDeploymentPostprocessing = 0;
		};
/* End PBXSourcesBuildPhase section */

/* Begin PBXTargetDependency section */
		7C2E075A1B441D2B006DDA9B /* PBXTargetDependency */ = {
			isa = PBXTargetDependency;
			target = 7C2E07391B441D2A006DDA9B /* BentoGame */;
			targetProxy = 7C2E07591B441D2B006DDA9B /* PBXContainerItemProxy */;
		};
/* End PBXTargetDependency section */

/* Begin PBXVariantGroup section */
		7C2E074C1B441D2A006DDA9B /* Main.storyboard */ = {
			isa = PBXVariantGroup;
			children = (
				7C2E074D1B441D2A006DDA9B /* Base */,
			);
			name = Main.storyboard;
			path = .;
			sourceTree = "<group>";
		};
		7C2E07511B441D2A006DDA9B /* LaunchScreen.xib */ = {
			isa = PBXVariantGroup;
			children = (
				7C2E07521B441D2A006DDA9B /* Base */,
			);
			name = LaunchScreen.xib;
			path = .;
			sourceTree = "<group>";
		};
/* End PBXVariantGroup section */

/* Begin XCBuildConfiguration section */
		7C2E07601B441D2B006DDA9B /* Debug */ = {
			isa = XCBuildConfiguration;
			buildSettings = {
				ALWAYS_SEARCH_USER_PATHS = NO;
				CLANG_CXX_LANGUAGE_STANDARD = "gnu++0x";
				CLANG_CXX_LIBRARY = "libc++";
				CLANG_ENABLE_MODULES = YES;
				CLANG_ENABLE_OBJC_ARC = YES;
				CLANG_WARN_BOOL_CONVERSION = YES;
				CLANG_WARN_CONSTANT_CONVERSION = YES;
				CLANG_WARN_DIRECT_OBJC_ISA_USAGE = YES_ERROR;
				CLANG_WARN_EMPTY_BODY = YES;
				CLANG_WARN_ENUM_CONVERSION = YES;
				CLANG_WARN_INT_CONVERSION = YES;
				CLANG_WARN_OBJC_ROOT_CLASS = YES_ERROR;
				CLANG_WARN_UNREACHABLE_CODE = YES;
				CLANG_WARN__DUPLICATE_METHOD_MATCH = YES;
				"CODE_SIGN_IDENTITY[sdk=iphoneos*]" = "iPhone Developer";
				COPY_PHASE_STRIP = NO;
				DEBUG_INFORMATION_FORMAT = "dwarf-with-dsym";
				ENABLE_STRICT_OBJC_MSGSEND = YES;
				GCC_C_LANGUAGE_STANDARD = gnu99;
				GCC_DYNAMIC_NO_PIC = NO;
				GCC_NO_COMMON_BLOCKS = YES;
				GCC_OPTIMIZATION_LEVEL = 0;
				GCC_PREPROCESSOR_DEFINITIONS = (
					"DEBUG=1",
					"$(inherited)",
				);
				GCC_SYMBOLS_PRIVATE_EXTERN = NO;
				GCC_WARN_64_TO_32_BIT_CONVERSION = YES;
				GCC_WARN_ABOUT_RETURN_TYPE = YES_ERROR;
				GCC_WARN_UNDECLARED_SELECTOR = YES;
				GCC_WARN_UNINITIALIZED_AUTOS = YES_AGGRESSIVE;
				GCC_WARN_UNUSED_FUNCTION = YES;
				GCC_WARN_UNUSED_VARIABLE = YES;
				IPHONEOS_DEPLOYMENT_TARGET = 8.3;
				MTL_ENABLE_DEBUG_INFO = YES;
				ONLY_ACTIVE_ARCH = YES;
				SDKROOT = iphoneos;
				TARGETED_DEVICE_FAMILY = 2;
			};
			name = Debug;
		};
		7C2E07611B441D2B006DDA9B /* Release */ = {
			isa = XCBuildConfiguration;
			buildSettings = {
				ALWAYS_SEARCH_USER_PATHS = NO;
				CLANG_CXX_LANGUAGE_STANDARD = "gnu++0x";
				CLANG_CXX_LIBRARY = "libc++";
				CLANG_ENABLE_MODULES = YES;
				CLANG_ENABLE_OBJC_ARC = YES;
				CLANG_WARN_BOOL_CONVERSION = YES;
				CLANG_WARN_CONSTANT_CONVERSION = YES;
				CLANG_WARN_DIRECT_OBJC_ISA_USAGE = YES_ERROR;
				CLANG_WARN_EMPTY_BODY = YES;
				CLANG_WARN_ENUM_CONVERSION = YES;
				CLANG_WARN_INT_CONVERSION = YES;
				CLANG_WARN_OBJC_ROOT_CLASS = YES_ERROR;
				CLANG_WARN_UNREACHABLE_CODE = YES;
				CLANG_WARN__DUPLICATE_METHOD_MATCH = YES;
				"CODE_SIGN_IDENTITY[sdk=iphoneos*]" = "iPhone Developer";
				COPY_PHASE_STRIP = NO;
				DEBUG_INFORMATION_FORMAT = "dwarf-with-dsym";
				ENABLE_NS_ASSERTIONS = NO;
				ENABLE_STRICT_OBJC_MSGSEND = YES;
				GCC_C_LANGUAGE_STANDARD = gnu99;
				GCC_NO_COMMON_BLOCKS = YES;
				GCC_WARN_64_TO_32_BIT_CONVERSION = YES;
				GCC_WARN_ABOUT_RETURN_TYPE = YES_ERROR;
				GCC_WARN_UNDECLARED_SELECTOR = YES;
				GCC_WARN_UNINITIALIZED_AUTOS = YES_AGGRESSIVE;
				GCC_WARN_UNUSED_FUNCTION = YES;
				GCC_WARN_UNUSED_VARIABLE = YES;
				IPHONEOS_DEPLOYMENT_TARGET = 8.3;
				MTL_ENABLE_DEBUG_INFO = NO;
				SDKROOT = iphoneos;
				TARGETED_DEVICE_FAMILY = 2;
				VALIDATE_PRODUCT = YES;
			};
			name = Release;
		};
		7C2E07631B441D2B006DDA9B /* Debug */ = {
			isa = XCBuildConfiguration;
			buildSettings = {
				ASSETCATALOG_COMPILER_APPICON_NAME = AppIcon;
				INFOPLIST_FILE = "BentoGame/Supporting Files/Info.plist";
				LD_RUNPATH_SEARCH_PATHS = "$(inherited) @executable_path/Frameworks";
				PRODUCT_NAME = "$(TARGET_NAME)";
			};
			name = Debug;
		};
		7C2E07641B441D2B006DDA9B /* Release */ = {
			isa = XCBuildConfiguration;
			buildSettings = {
				ASSETCATALOG_COMPILER_APPICON_NAME = AppIcon;
				INFOPLIST_FILE = "BentoGame/Supporting Files/Info.plist";
				LD_RUNPATH_SEARCH_PATHS = "$(inherited) @executable_path/Frameworks";
				PRODUCT_NAME = "$(TARGET_NAME)";
			};
			name = Release;
		};
		7C2E07661B441D2B006DDA9B /* Debug */ = {
			isa = XCBuildConfiguration;
			buildSettings = {
				BUNDLE_LOADER = "$(TEST_HOST)";
				FRAMEWORK_SEARCH_PATHS = (
					"$(SDKROOT)/Developer/Library/Frameworks",
					"$(inherited)",
				);
				GCC_PREPROCESSOR_DEFINITIONS = (
					"DEBUG=1",
					"$(inherited)",
				);
				INFOPLIST_FILE = "BentoGameTests/Supporting Files/Info.plist";
				LD_RUNPATH_SEARCH_PATHS = "$(inherited) @executable_path/Frameworks @loader_path/Frameworks";
				PRODUCT_NAME = "$(TARGET_NAME)";
				TEST_HOST = "$(BUILT_PRODUCTS_DIR)/BentoGame.app/BentoGame";
			};
			name = Debug;
		};
		7C2E07671B441D2B006DDA9B /* Release */ = {
			isa = XCBuildConfiguration;
			buildSettings = {
				BUNDLE_LOADER = "$(TEST_HOST)";
				FRAMEWORK_SEARCH_PATHS = (
					"$(SDKROOT)/Developer/Library/Frameworks",
					"$(inherited)",
				);
				INFOPLIST_FILE = "BentoGameTests/Supporting Files/Info.plist";
				LD_RUNPATH_SEARCH_PATHS = "$(inherited) @executable_path/Frameworks @loader_path/Frameworks";
				PRODUCT_NAME = "$(TARGET_NAME)";
				TEST_HOST = "$(BUILT_PRODUCTS_DIR)/BentoGame.app/BentoGame";
			};
			name = Release;
		};
/* End XCBuildConfiguration section */

/* Begin XCConfigurationList section */
		7C2E07351B441D2A006DDA9B /* Build configuration list for PBXProject "BentoGame" */ = {
			isa = XCConfigurationList;
			buildConfigurations = (
				7C2E07601B441D2B006DDA9B /* Debug */,
				7C2E07611B441D2B006DDA9B /* Release */,
			);
			defaultConfigurationIsVisible = 0;
			defaultConfigurationName = Release;
		};
		7C2E07621B441D2B006DDA9B /* Build configuration list for PBXNativeTarget "BentoGame" */ = {
			isa = XCConfigurationList;
			buildConfigurations = (
				7C2E07631B441D2B006DDA9B /* Debug */,
				7C2E07641B441D2B006DDA9B /* Release */,
			);
			defaultConfigurationIsVisible = 0;
			defaultConfigurationName = Release;
		};
		7C2E07651B441D2B006DDA9B /* Build configuration list for PBXNativeTarget "BentoGameTests" */ = {
			isa = XCConfigurationList;
			buildConfigurations = (
				7C2E07661B441D2B006DDA9B /* Debug */,
				7C2E07671B441D2B006DDA9B /* Release */,
			);
			defaultConfigurationIsVisible = 0;
			defaultConfigurationName = Release;
		};
/* End XCConfigurationList section */
	};
	rootObject = 7C2E07321B441D2A006DDA9B /* Project object */;
}
